{
  "requires": true,
  "lockfileVersion": 1,
  "dependencies": {
    "vue": {
      "version": "2.5.20",
      "resolved": "https://registry.npmjs.org/vue/-/vue-2.5.20.tgz",
      "integrity": "sha512-kVLZi8RWOk8qwAt+a0bVDy9VV5Zzcnj0fLCMyKLx1dmEBjqmYJYRWHvPwiypiJBtJkdmROy5NP5hyDqTdfBcvQ=="
    }
  }
}
